// !$*UTF8*$!
{
	archiveVersion = 1;
	classes = {
	};
	objectVersion = 50;
	objects = {

/* Begin PBXBuildFile section */
		A8506F78211AADE70017529C /* AppDelegate.swift in Sources */ = {isa = PBXBuildFile; fileRef = A8506F77211AADE70017529C /* AppDelegate.swift */; };
		A8506F7A211AADE70017529C /* FirstViewController.swift in Sources */ = {isa = PBXBuildFile; fileRef = A8506F79211AADE70017529C /* FirstViewController.swift */; };
		A8506F7C211AADE70017529C /* SecondViewController.swift in Sources */ = {isa = PBXBuildFile; fileRef = A8506F7B211AADE70017529C /* SecondViewController.swift */; };
		A8506F7F211AADE70017529C /* Main.storyboard in Resources */ = {isa = PBXBuildFile; fileRef = A8506F7D211AADE70017529C /* Main.storyboard */; };
		A8506F81211AADEF0017529C /* Assets.xcassets in Resources */ = {isa = PBXBuildFile; fileRef = A8506F80211AADEF0017529C /* Assets.xcassets */; };
		A8506F84211AADEF0017529C /* LaunchScreen.storyboard in Resources */ = {isa = PBXBuildFile; fileRef = A8506F82211AADEF0017529C /* LaunchScreen.storyboard */; };
		A8506F8F211AADEF0017529C /* TodoAppTests.swift in Sources */ = {isa = PBXBuildFile; fileRef = A8506F8E211AADEF0017529C /* TodoAppTests.swift */; };
		A8506F9A211AADEF0017529C /* TodoAppUITests.swift in Sources */ = {isa = PBXBuildFile; fileRef = A8506F99211AADEF0017529C /* TodoAppUITests.swift */; };
/* End PBXBuildFile section */

/* Begin PBXContainerItemProxy section */
		A8506F8B211AADEF0017529C /* PBXContainerItemProxy */ = {
			isa = PBXContainerItemProxy;
			containerPortal = A8506F6C211AADE70017529C /* Project object */;
			proxyType = 1;
			remoteGlobalIDString = A8506F73211AADE70017529C;
			remoteInfo = TodoApp;
		};
		A8506F96211AADEF0017529C /* PBXContainerItemProxy */ = {
			isa = PBXContainerItemProxy;
			containerPortal = A8506F6C211AADE70017529C /* Project object */;
			proxyType = 1;
			remoteGlobalIDString = A8506F73211AADE70017529C;
			remoteInfo = TodoApp;
		};
/* End PBXContainerItemProxy section */

/* Begin PBXFileReference section */
		A8506F74211AADE70017529C /* TodoApp.app */ = {isa = PBXFileReference; explicitFileType = wrapper.application; includeInIndex = 0; path = TodoApp.app; sourceTree = BUILT_PRODUCTS_DIR; };
		A8506F77211AADE70017529C /* AppDelegate.swift */ = {isa = PBXFileReference; lastKnownFileType = sourcecode.swift; path = AppDelegate.swift; sourceTree = "<group>"; };
		A8506F79211AADE70017529C /* FirstViewController.swift */ = {isa = PBXFileReference; lastKnownFileType = sourcecode.swift; path = FirstViewController.swift; sourceTree = "<group>"; };
		A8506F7B211AADE70017529C /* SecondViewController.swift */ = {isa = PBXFileReference; lastKnownFileType = sourcecode.swift; path = SecondViewController.swift; sourceTree = "<group>"; };
		A8506F7E211AADE70017529C /* Base */ = {isa = PBXFileReference; lastKnownFileType = file.storyboard; name = Base; path = Base.lproj/Main.storyboard; sourceTree = "<group>"; };
		A8506F80211AADEF0017529C /* Assets.xcassets */ = {isa = PBXFileReference; lastKnownFileType = folder.assetcatalog; path = Assets.xcassets; sourceTree = "<group>"; };
		A8506F83211AADEF0017529C /* Base */ = {isa = PBXFileReference; lastKnownFileType = file.storyboard; name = Base; path = Base.lproj/LaunchScreen.storyboard; sourceTree = "<group>"; };
		A8506F85211AADEF0017529C /* Info.plist */ = {isa = PBXFileReference; lastKnownFileType = text.plist.xml; path = Info.plist; sourceTree = "<group>"; };
		A8506F8A211AADEF0017529C /* TodoAppTests.xctest */ = {isa = PBXFileReference; explicitFileType = wrapper.cfbundle; includeInIndex = 0; path = TodoAppTests.xctest; sourceTree = BUILT_PRODUCTS_DIR; };
		A8506F8E211AADEF0017529C /* TodoAppTests.swift */ = {isa = PBXFileReference; lastKnownFileType = sourcecode.swift; path = TodoAppTests.swift; sourceTree = "<group>"; };
		A8506F90211AADEF0017529C /* Info.plist */ = {isa = PBXFileReference; lastKnownFileType = text.plist.xml; path = Info.plist; sourceTree = "<group>"; };
		A8506F95211AADEF0017529C /* TodoAppUITests.xctest */ = {isa = PBXFileReference; explicitFileType = wrapper.cfbundle; includeInIndex = 0; path = TodoAppUITests.xctest; sourceTree = BUILT_PRODUCTS_DIR; };
		A8506F99211AADEF0017529C /* TodoAppUITests.swift */ = {isa = PBXFileReference; lastKnownFileType = sourcecode.swift; path = TodoAppUITests.swift; sourceTree = "<group>"; };
		A8506F9B211AADEF0017529C /* Info.plist */ = {isa = PBXFileReference; lastKnownFileType = text.plist.xml; path = Info.plist; sourceTree = "<group>"; };
/* End PBXFileReference section */

/* Begin PBXFrameworksBuildPhase section */
		A8506F71211AADE70017529C /* Frameworks */ = {
			isa = PBXFrameworksBuildPhase;
			buildActionMask = 2147483647;
			files = (
			);
			runOnlyForDeploymentPostprocessing = 0;
		};
		A8506F87211AADEF0017529C /* Frameworks */ = {
			isa = PBXFrameworksBuildPhase;
			buildActionMask = 2147483647;
			files = (
			);
			runOnlyForDeploymentPostprocessing = 0;
		};
		A8506F92211AADEF0017529C /* Frameworks */ = {
			isa = PBXFrameworksBuildPhase;
			buildActionMask = 2147483647;
			files = (
			);
			runOnlyForDeploymentPostprocessing = 0;
		};
/* End PBXFrameworksBuildPhase section */

/* Begin PBXGroup section */
		A8506F6B211AADE70017529C = {
			isa = PBXGroup;
			children = (
				A8506F76211AADE70017529C /* TodoApp */,
				A8506F8D211AADEF0017529C /* TodoAppTests */,
				A8506F98211AADEF0017529C /* TodoAppUITests */,
				A8506F75211AADE70017529C /* Products */,
			);
			sourceTree = "<group>";
		};
		A8506F75211AADE70017529C /* Products */ = {
			isa = PBXGroup;
			children = (
				A8506F74211AADE70017529C /* TodoApp.app */,
				A8506F8A211AADEF0017529C /* TodoAppTests.xctest */,
				A8506F95211AADEF0017529C /* TodoAppUITests.xctest */,
			);
			name = Products;
			sourceTree = "<group>";
		};
		A8506F76211AADE70017529C /* TodoApp */ = {
			isa = PBXGroup;
			children = (
				A8506F77211AADE70017529C /* AppDelegate.swift */,
				A8506F79211AADE70017529C /* FirstViewController.swift */,
				A8506F7B211AADE70017529C /* SecondViewController.swift */,
				A8506F7D211AADE70017529C /* Main.storyboard */,
				A8506F80211AADEF0017529C /* Assets.xcassets */,
				A8506F82211AADEF0017529C /* LaunchScreen.storyboard */,
				A8506F85211AADEF0017529C /* Info.plist */,
			);
			path = TodoApp;
			sourceTree = "<group>";
		};
		A8506F8D211AADEF0017529C /* TodoAppTests */ = {
			isa = PBXGroup;
			children = (
				A8506F8E211AADEF0017529C /* TodoAppTests.swift */,
				A8506F90211AADEF0017529C /* Info.plist */,
			);
			path = TodoAppTests;
			sourceTree = "<group>";
		};
		A8506F98211AADEF0017529C /* TodoAppUITests */ = {
			isa = PBXGroup;
			children = (
				A8506F99211AADEF0017529C /* TodoAppUITests.swift */,
				A8506F9B211AADEF0017529C /* Info.plist */,
			);
			path = TodoAppUITests;
			sourceTree = "<group>";
		};
/* End PBXGroup section */

/* Begin PBXNativeTarget section */
		A8506F73211AADE70017529C /* TodoApp */ = {
			isa = PBXNativeTarget;
			buildConfigurationList = A8506F9E211AADEF0017529C /* Build configuration list for PBXNativeTarget "TodoApp" */;
			buildPhases = (
				A8506F70211AADE70017529C /* Sources */,
				A8506F71211AADE70017529C /* Frameworks */,
				A8506F72211AADE70017529C /* Resources */,
			);
			buildRules = (
			);
			dependencies = (
			);
			name = TodoApp;
			productName = TodoApp;
			productReference = A8506F74211AADE70017529C /* TodoApp.app */;
			productType = "com.apple.product-type.application";
		};
		A8506F89211AADEF0017529C /* TodoAppTests */ = {
			isa = PBXNativeTarget;
			buildConfigurationList = A8506FA1211AADEF0017529C /* Build configuration list for PBXNativeTarget "TodoAppTests" */;
			buildPhases = (
				A8506F86211AADEF0017529C /* Sources */,
				A8506F87211AADEF0017529C /* Frameworks */,
				A8506F88211AADEF0017529C /* Resources */,
			);
			buildRules = (
			);
			dependencies = (
				A8506F8C211AADEF0017529C /* PBXTargetDependency */,
			);
			name = TodoAppTests;
			productName = TodoAppTests;
			productReference = A8506F8A211AADEF0017529C /* TodoAppTests.xctest */;
			productType = "com.apple.product-type.bundle.unit-test";
		};
		A8506F94211AADEF0017529C /* TodoAppUITests */ = {
			isa = PBXNativeTarget;
			buildConfigurationList = A8506FA4211AADEF0017529C /* Build configuration list for PBXNativeTarget "TodoAppUITests" */;
			buildPhases = (
				A8506F91211AADEF0017529C /* Sources */,
				A8506F92211AADEF0017529C /* Frameworks */,
				A8506F93211AADEF0017529C /* Resources */,
			);
			buildRules = (
			);
			dependencies = (
				A8506F97211AADEF0017529C /* PBXTargetDependency */,
			);
			name = TodoAppUITests;
			productName = TodoAppUITests;
			productReference = A8506F95211AADEF0017529C /* TodoAppUITests.xctest */;
			productType = "com.apple.product-type.bundle.ui-testing";
		};
/* End PBXNativeTarget section */

/* Begin PBXProject section */
		A8506F6C211AADE70017529C /* Project object */ = {
			isa = PBXProject;
			attributes = {
				LastSwiftUpdateCheck = 0940;
				LastUpgradeCheck = 0940;
				ORGANIZATIONNAME = "Nguyễn Việt";
				TargetAttributes = {
					A8506F73211AADE70017529C = {
						CreatedOnToolsVersion = 9.4.1;
					};
					A8506F89211AADEF0017529C = {
						CreatedOnToolsVersion = 9.4.1;
						TestTargetID = A8506F73211AADE70017529C;
					};
					A8506F94211AADEF0017529C = {
						CreatedOnToolsVersion = 9.4.1;
						TestTargetID = A8506F73211AADE70017529C;
					};
				};
			};
			buildConfigurationList = A8506F6F211AADE70017529C /* Build configuration list for PBXProject "TodoApp" */;
			compatibilityVersion = "Xcode 9.3";
			developmentRegion = en;
			hasScannedForEncodings = 0;
			knownRegions = (
				en,
				Base,
			);
			mainGroup = A8506F6B211AADE70017529C;
			productRefGroup = A8506F75211AADE70017529C /* Products */;
			projectDirPath = "";
			projectRoot = "";
			targets = (
				A8506F73211AADE70017529C /* TodoApp */,
				A8506F89211AADEF0017529C /* TodoAppTests */,
				A8506F94211AADEF0017529C /* TodoAppUITests */,
			);
		};
/* End PBXProject section */

/* Begin PBXResourcesBuildPhase section */
		A8506F72211AADE70017529C /* Resources */ = {
			isa = PBXResourcesBuildPhase;
			buildActionMask = 2147483647;
			files = (
				A8506F84211AADEF0017529C /* LaunchScreen.storyboard in Resources */,
				A8506F81211AADEF0017529C /* Assets.xcassets in Resources */,
				A8506F7F211AADE70017529C /* Main.storyboard in Resources */,
			);
			runOnlyForDeploymentPostprocessing = 0;
		};
		A8506F88211AADEF0017529C /* Resources */ = {
			isa = PBXResourcesBuildPhase;
			buildActionMask = 2147483647;
			files = (
			);
			runOnlyForDeploymentPostprocessing = 0;
		};
		A8506F93211AADEF0017529C /* Resources */ = {
			isa = PBXResourcesBuildPhase;
			buildActionMask = 2147483647;
			files = (
			);
			runOnlyForDeploymentPostprocessing = 0;
		};
/* End PBXResourcesBuildPhase section */

/* Begin PBXSourcesBuildPhase section */
		A8506F70211AADE70017529C /* Sources */ = {
			isa = PBXSourcesBuildPhase;
			buildActionMask = 2147483647;
			files = (
				A8506F7C211AADE70017529C /* SecondViewController.swift in Sources */,
				A8506F78211AADE70017529C /* AppDelegate.swift in Sources */,
				A8506F7A211AADE70017529C /* FirstViewController.swift in Sources */,
			);
			runOnlyForDeploymentPostprocessing = 0;
		};
		A8506F86211AADEF0017529C /* Sources */ = {
			isa = PBXSourcesBuildPhase;
			buildActionMask = 2147483647;
			files = (
				A8506F8F211AADEF0017529C /* TodoAppTests.swift in Sources */,
			);
			runOnlyForDeploymentPostprocessing = 0;
		};
		A8506F91211AADEF0017529C /* Sources */ = {
			isa = PBXSourcesBuildPhase;
			buildActionMask = 2147483647;
			files = (
				A8506F9A211AADEF0017529C /* TodoAppUITests.swift in Sources */,
			);
			runOnlyForDeploymentPostprocessing = 0;
		};
/* End PBXSourcesBuildPhase section */

/* Begin PBXTargetDependency section */
		A8506F8C211AADEF0017529C /* PBXTargetDependency */ = {
			isa = PBXTargetDependency;
			target = A8506F73211AADE70017529C /* TodoApp */;
			targetProxy = A8506F8B211AADEF0017529C /* PBXContainerItemProxy */;
		};
		A8506F97211AADEF0017529C /* PBXTargetDependency */ = {
			isa = PBXTargetDependency;
			target = A8506F73211AADE70017529C /* TodoApp */;
			targetProxy = A8506F96211AADEF0017529C /* PBXContainerItemProxy */;
		};
/* End PBXTargetDependency section */

/* Begin PBXVariantGroup section */
		A8506F7D211AADE70017529C /* Main.storyboard */ = {
			isa = PBXVariantGroup;
			children = (
				A8506F7E211AADE70017529C /* Base */,
			);
			name = Main.storyboard;
			sourceTree = "<group>";
		};
		A8506F82211AADEF0017529C /* LaunchScreen.storyboard */ = {
			isa = PBXVariantGroup;
			children = (
				A8506F83211AADEF0017529C /* Base */,
			);
			name = LaunchScreen.storyboard;
			sourceTree = "<group>";
		};
/* End PBXVariantGroup section */

/* Begin XCBuildConfiguration section */
		A8506F9C211AADEF0017529C /* Debug */ = {
			isa = XCBuildConfiguration;
			buildSettings = {
				ALWAYS_SEARCH_USER_PATHS = NO;
				CLANG_ANALYZER_NONNULL = YES;
				CLANG_ANALYZER_NUMBER_OBJECT_CONVERSION = YES_AGGRESSIVE;
				CLANG_CXX_LANGUAGE_STANDARD = "gnu++14";
				CLANG_CXX_LIBRARY = "libc++";
				CLANG_ENABLE_MODULES = YES;
				CLANG_ENABLE_OBJC_ARC = YES;
				CLANG_ENABLE_OBJC_WEAK = YES;
				CLANG_WARN_BLOCK_CAPTURE_AUTORELEASING = YES;
				CLANG_WARN_BOOL_CONVERSION = YES;
				CLANG_WARN_COMMA = YES;
				CLANG_WARN_CONSTANT_CONVERSION = YES;
				CLANG_WARN_DEPRECATED_OBJC_IMPLEMENTATIONS = YES;
				CLANG_WARN_DIRECT_OBJC_ISA_USAGE = YES_ERROR;
				CLANG_WARN_DOCUMENTATION_COMMENTS = YES;
				CLANG_WARN_EMPTY_BODY = YES;
				CLANG_WARN_ENUM_CONVERSION = YES;
				CLANG_WARN_INFINITE_RECURSION = YES;
				CLANG_WARN_INT_CONVERSION = YES;
				CLANG_WARN_NON_LITERAL_NULL_CONVERSION = YES;
				CLANG_WARN_OBJC_IMPLICIT_RETAIN_SELF = YES;
				CLANG_WARN_OBJC_LITERAL_CONVERSION = YES;
				CLANG_WARN_OBJC_ROOT_CLASS = YES_ERROR;
				CLANG_WARN_RANGE_LOOP_ANALYSIS = YES;
				CLANG_WARN_STRICT_PROTOTYPES = YES;
				CLANG_WARN_SUSPICIOUS_MOVE = YES;
				CLANG_WARN_UNGUARDED_AVAILABILITY = YES_AGGRESSIVE;
				CLANG_WARN_UNREACHABLE_CODE = YES;
				CLANG_WARN__DUPLICATE_METHOD_MATCH = YES;
				CODE_SIGN_IDENTITY = "iPhone Developer";
				COPY_PHASE_STRIP = NO;
				DEBUG_INFORMATION_FORMAT = dwarf;
				ENABLE_STRICT_OBJC_MSGSEND = YES;
				ENABLE_TESTABILITY = YES;
				GCC_C_LANGUAGE_STANDARD = gnu11;
				GCC_DYNAMIC_NO_PIC = NO;
				GCC_NO_COMMON_BLOCKS = YES;
				GCC_OPTIMIZATION_LEVEL = 0;
				GCC_PREPROCESSOR_DEFINITIONS = (
					"DEBUG=1",
					"$(inherited)",
				);
				GCC_WARN_64_TO_32_BIT_CONVERSION = YES;
				GCC_WARN_ABOUT_RETURN_TYPE = YES_ERROR;
				GCC_WARN_UNDECLARED_SELECTOR = YES;
				GCC_WARN_UNINITIALIZED_AUTOS = YES_AGGRESSIVE;
				GCC_WARN_UNUSED_FUNCTION = YES;
				GCC_WARN_UNUSED_VARIABLE = YES;
				IPHONEOS_DEPLOYMENT_TARGET = 11.4;
				MTL_ENABLE_DEBUG_INFO = YES;
				ONLY_ACTIVE_ARCH = YES;
				SDKROOT = iphoneos;
				SWIFT_ACTIVE_COMPILATION_CONDITIONS = DEBUG;
				SWIFT_OPTIMIZATION_LEVEL = "-Onone";
			};
			name = Debug;
		};
		A8506F9D211AADEF0017529C /* Release */ = {
			isa = XCBuildConfiguration;
			buildSettings = {
				ALWAYS_SEARCH_USER_PATHS = NO;
				CLANG_ANALYZER_NONNULL = YES;
				CLANG_ANALYZER_NUMBER_OBJECT_CONVERSION = YES_AGGRESSIVE;
				CLANG_CXX_LANGUAGE_STANDARD = "gnu++14";
				CLANG_CXX_LIBRARY = "libc++";
				CLANG_ENABLE_MODULES = YES;
				CLANG_ENABLE_OBJC_ARC = YES;
				CLANG_ENABLE_OBJC_WEAK = YES;
				CLANG_WARN_BLOCK_CAPTURE_AUTORELEASING = YES;
				CLANG_WARN_BOOL_CONVERSION = YES;
				CLANG_WARN_COMMA = YES;
				CLANG_WARN_CONSTANT_CONVERSION = YES;
				CLANG_WARN_DEPRECATED_OBJC_IMPLEMENTATIONS = YES;
				CLANG_WARN_DIRECT_OBJC_ISA_USAGE = YES_ERROR;
				CLANG_WARN_DOCUMENTATION_COMMENTS = YES;
				CLANG_WARN_EMPTY_BODY = YES;
				CLANG_WARN_ENUM_CONVERSION = YES;
				CLANG_WARN_INFINITE_RECURSION = YES;
				CLANG_WARN_INT_CONVERSION = YES;
				CLANG_WARN_NON_LITERAL_NULL_CONVERSION = YES;
				CLANG_WARN_OBJC_IMPLICIT_RETAIN_SELF = YES;
				CLANG_WARN_OBJC_LITERAL_CONVERSION = YES;
				CLANG_WARN_OBJC_ROOT_CLASS = YES_ERROR;
				CLANG_WARN_RANGE_LOOP_ANALYSIS = YES;
				CLANG_WARN_STRICT_PROTOTYPES = YES;
				CLANG_WARN_SUSPICIOUS_MOVE = YES;
				CLANG_WARN_UNGUARDED_AVAILABILITY = YES_AGGRESSIVE;
				CLANG_WARN_UNREACHABLE_CODE = YES;
				CLANG_WARN__DUPLICATE_METHOD_MATCH = YES;
				CODE_SIGN_IDENTITY = "iPhone Developer";
				COPY_PHASE_STRIP = NO;
				DEBUG_INFORMATION_FORMAT = "dwarf-with-dsym";
				ENABLE_NS_ASSERTIONS = NO;
				ENABLE_STRICT_OBJC_MSGSEND = YES;
				GCC_C_LANGUAGE_STANDARD = gnu11;
				GCC_NO_COMMON_BLOCKS = YES;
				GCC_WARN_64_TO_32_BIT_CONVERSION = YES;
				GCC_WARN_ABOUT_RETURN_TYPE = YES_ERROR;
				GCC_WARN_UNDECLARED_SELECTOR = YES;
				GCC_WARN_UNINITIALIZED_AUTOS = YES_AGGRESSIVE;
				GCC_WARN_UNUSED_FUNCTION = YES;
				GCC_WARN_UNUSED_VARIABLE = YES;
				IPHONEOS_DEPLOYMENT_TARGET = 11.4;
				MTL_ENABLE_DEBUG_INFO = NO;
				SDKROOT = iphoneos;
				SWIFT_COMPILATION_MODE = wholemodule;
				SWIFT_OPTIMIZATION_LEVEL = "-O";
				VALIDATE_PRODUCT = YES;
			};
			name = Release;
		};
		A8506F9F211AADEF0017529C /* Debug */ = {
			isa = XCBuildConfiguration;
			buildSettings = {
				ASSETCATALOG_COMPILER_APPICON_NAME = AppIcon;
				CODE_SIGN_STYLE = Automatic;
				INFOPLIST_FILE = TodoApp/Info.plist;
				LD_RUNPATH_SEARCH_PATHS = (
					"$(inherited)",
					"@executable_path/Frameworks",
				);
				PRODUCT_BUNDLE_IDENTIFIER = ITSOL.TodoApp;
				PRODUCT_NAME = "$(TARGET_NAME)";
				SWIFT_VERSION = 4.0;
				TARGETED_DEVICE_FAMILY = "1,2";
			};
			name = Debug;
		};
		A8506FA0211AADEF0017529C /* Release */ = {
			isa = XCBuildConfiguration;
			buildSettings = {
				ASSETCATALOG_COMPILER_APPICON_NAME = AppIcon;
				CODE_SIGN_STYLE = Automatic;
				INFOPLIST_FILE = TodoApp/Info.plist;
				LD_RUNPATH_SEARCH_PATHS = (
					"$(inherited)",
					"@executable_path/Frameworks",
				);
				PRODUCT_BUNDLE_IDENTIFIER = ITSOL.TodoApp;
				PRODUCT_NAME = "$(TARGET_NAME)";
				SWIFT_VERSION = 4.0;
				TARGETED_DEVICE_FAMILY = "1,2";
			};
			name = Release;
		};
		A8506FA2211AADEF0017529C /* Debug */ = {
			isa = XCBuildConfiguration;
			buildSettings = {
				ALWAYS_EMBED_SWIFT_STANDARD_LIBRARIES = YES;
				BUNDLE_LOADER = "$(TEST_HOST)";
				CODE_SIGN_STYLE = Automatic;
				INFOPLIST_FILE = TodoAppTests/Info.plist;
				LD_RUNPATH_SEARCH_PATHS = (
					"$(inherited)",
					"@executable_path/Frameworks",
					"@loader_path/Frameworks",
				);
				PRODUCT_BUNDLE_IDENTIFIER = ITSOL.TodoAppTests;
				PRODUCT_NAME = "$(TARGET_NAME)";
				SWIFT_VERSION = 4.0;
				TARGETED_DEVICE_FAMILY = "1,2";
				TEST_HOST = "$(BUILT_PRODUCTS_DIR)/TodoApp.app/TodoApp";
			};
			name = Debug;
		};
		A8506FA3211AADEF0017529C /* Release */ = {
			isa = XCBuildConfiguration;
			buildSettings = {
				ALWAYS_EMBED_SWIFT_STANDARD_LIBRARIES = YES;
				BUNDLE_LOADER = "$(TEST_HOST)";
				CODE_SIGN_STYLE = Automatic;
				INFOPLIST_FILE = TodoAppTests/Info.plist;
				LD_RUNPATH_SEARCH_PATHS = (
					"$(inherited)",
					"@executable_path/Frameworks",
					"@loader_path/Frameworks",
				);
				PRODUCT_BUNDLE_IDENTIFIER = ITSOL.TodoAppTests;
				PRODUCT_NAME = "$(TARGET_NAME)";
				SWIFT_VERSION = 4.0;
				TARGETED_DEVICE_FAMILY = "1,2";
				TEST_HOST = "$(BUILT_PRODUCTS_DIR)/TodoApp.app/TodoApp";
			};
			name = Release;
		};
		A8506FA5211AADEF0017529C /* Debug */ = {
			isa = XCBuildConfiguration;
			buildSettings = {
				ALWAYS_EMBED_SWIFT_STANDARD_LIBRARIES = YES;
				CODE_SIGN_STYLE = Automatic;
				INFOPLIST_FILE = TodoAppUITests/Info.plist;
				LD_RUNPATH_SEARCH_PATHS = (
					"$(inherited)",
					"@executable_path/Frameworks",
					"@loader_path/Frameworks",
				);
				PRODUCT_BUNDLE_IDENTIFIER = ITSOL.TodoAppUITests;
				PRODUCT_NAME = "$(TARGET_NAME)";
				SWIFT_VERSION = 4.0;
				TARGETED_DEVICE_FAMILY = "1,2";
				TEST_TARGET_NAME = TodoApp;
			};
			name = Debug;
		};
		A8506FA6211AADEF0017529C /* Release */ = {
			isa = XCBuildConfiguration;
			buildSettings = {
				ALWAYS_EMBED_SWIFT_STANDARD_LIBRARIES = YES;
				CODE_SIGN_STYLE = Automatic;
				INFOPLIST_FILE = TodoAppUITests/Info.plist;
				LD_RUNPATH_SEARCH_PATHS = (
					"$(inherited)",
					"@executable_path/Frameworks",
					"@loader_path/Frameworks",
				);
				PRODUCT_BUNDLE_IDENTIFIER = ITSOL.TodoAppUITests;
				PRODUCT_NAME = "$(TARGET_NAME)";
				SWIFT_VERSION = 4.0;
				TARGETED_DEVICE_FAMILY = "1,2";
				TEST_TARGET_NAME = TodoApp;
			};
			name = Release;
		};
/* End XCBuildConfiguration section */

/* Begin XCConfigurationList section */
		A8506F6F211AADE70017529C /* Build configuration list for PBXProject "TodoApp" */ = {
			isa = XCConfigurationList;
			buildConfigurations = (
				A8506F9C211AADEF0017529C /* Debug */,
				A8506F9D211AADEF0017529C /* Release */,
			);
			defaultConfigurationIsVisible = 0;
			defaultConfigurationName = Release;
		};
		A8506F9E211AADEF0017529C /* Build configuration list for PBXNativeTarget "TodoApp" */ = {
			isa = XCConfigurationList;
			buildConfigurations = (
				A8506F9F211AADEF0017529C /* Debug */,
				A8506FA0211AADEF0017529C /* Release */,
			);
			defaultConfigurationIsVisible = 0;
			defaultConfigurationName = Release;
		};
		A8506FA1211AADEF0017529C /* Build configuration list for PBXNativeTarget "TodoAppTests" */ = {
			isa = XCConfigurationList;
			buildConfigurations = (
				A8506FA2211AADEF0017529C /* Debug */,
				A8506FA3211AADEF0017529C /* Release */,
			);
			defaultConfigurationIsVisible = 0;
			defaultConfigurationName = Release;
		};
		A8506FA4211AADEF0017529C /* Build configuration list for PBXNativeTarget "TodoAppUITests" */ = {
			isa = XCConfigurationList;
			buildConfigurations = (
				A8506FA5211AADEF0017529C /* Debug */,
				A8506FA6211AADEF0017529C /* Release */,
			);
			defaultConfigurationIsVisible = 0;
			defaultConfigurationName = Release;
		};
/* End XCConfigurationList section */
	};
	rootObject = A8506F6C211AADE70017529C /* Project object */;
}
